
Microsoft Visual Studio Solution File, Format Version 12.00
# Visual Studio Version 16
VisualStudioVersion = 16.0.31729.503
MinimumVisualStudioVersion = 10.0.40219.1
Project("{FAE04EC0-301F-11D3-BF4B-00C04F79EFBC}") = "TTMSZadanieProj", "TTMSZadanieProj.csproj", "{A89E8BDF-0D67-43DB-B4B4-C588E13F59B6}"
EndProject
Global
	GlobalSection(SolutionConfigurationPlatforms) = preSolution
		Debug|Any CPU = Debug|Any CPU
		Release|Any CPU = Release|Any CPU
	EndGlobalSection
	GlobalSection(ProjectConfigurationPlatforms) = postSolution
		{A89E8BDF-0D67-43DB-B4B4-C588E13F59B6}.Debug|Any CPU.ActiveCfg = Debug|Any CPU
		{A89E8BDF-0D67-43DB-B4B4-C588E13F59B6}.Debug|Any CPU.Build.0 = Debug|Any CPU
		{A89E8BDF-0D67-43DB-B4B4-C588E13F59B6}.Release|Any CPU.ActiveCfg = Release|Any CPU
		{A89E8BDF-0D67-43DB-B4B4-C588E13F59B6}.Release|Any CPU.Build.0 = Release|Any CPU
	EndGlobalSection
	GlobalSection(SolutionProperties) = preSolution
		HideSolutionNode = FALSE
	EndGlobalSection
	GlobalSection(ExtensibilityGlobals) = postSolution
		SolutionGuid = {A4C602AE-D294-4B13-83BA-D4566ED4F83A}
	EndGlobalSection
EndGlobal
